// !$*UTF8*$!
{
	archiveVersion = 1;
	classes = {
	};
	objectVersion = 77;
	objects = {

/* Begin PBXBuildFile section */
		3211154D2D034C1F00DB8FE3 /* NotificationServiceDecoder.appex in Embed Foundation Extensions */ = {isa = PBXBuildFile; fileRef = 321115462D034C1F00DB8FE3 /* NotificationServiceDecoder.appex */; settings = {ATTRIBUTES = (RemoveHeadersOnCopy, ); }; };
		321115752D0351AE00DB8FE3 /* UnbluCallKitModule in Frameworks */ = {isa = PBXBuildFile; productRef = 321115742D0351AE00DB8FE3 /* UnbluCallKitModule */; };
		321115772D0351AE00DB8FE3 /* UnbluLiveKitWebRtcProvider in Frameworks */ = {isa = PBXBuildFile; productRef = 321115762D0351AE00DB8FE3 /* UnbluLiveKitWebRtcProvider */; };
		321115792D0351AE00DB8FE3 /* UnbluMobileSDK in Frameworks */ = {isa = PBXBuildFile; productRef = 321115782D0351AE00DB8FE3 /* UnbluMobileSDK */; };
		328E41A42D7DBDF800F77FD4 /* LiveKitWebRTC in Frameworks */ = {isa = PBXBuildFile; productRef = 328E41A32D7DBDF800F77FD4 /* LiveKitWebRTC */; };
/* End PBXBuildFile section */

/* Begin PBXContainerItemProxy section */
		3211154B2D034C1F00DB8FE3 /* PBXContainerItemProxy */ = {
			isa = PBXContainerItemProxy;
			containerPortal = 321114D72D0345B800DB8FE3 /* Project object */;
			proxyType = 1;
			remoteGlobalIDString = 321115452D034C1F00DB8FE3;
			remoteInfo = NotificationServiceDecoder;
		};
/* End PBXContainerItemProxy section */

/* Begin PBXCopyFilesBuildPhase section */
		321115522D034C1F00DB8FE3 /* Embed Foundation Extensions */ = {
			isa = PBXCopyFilesBuildPhase;
			buildActionMask = 2147483647;
			dstPath = "";
			dstSubfolderSpec = 13;
			files = (
				3211154D2D034C1F00DB8FE3 /* NotificationServiceDecoder.appex in Embed Foundation Extensions */,
			);
			name = "Embed Foundation Extensions";
			runOnlyForDeploymentPostprocessing = 0;
		};
/* End PBXCopyFilesBuildPhase section */

/* Begin PBXFileReference section */
		321114DF2D0345B800DB8FE3 /* UnbluDemoApp.app */ = {isa = PBXFileReference; explicitFileType = wrapper.application; includeInIndex = 0; path = UnbluDemoApp.app; sourceTree = BUILT_PRODUCTS_DIR; };
		321115462D034C1F00DB8FE3 /* NotificationServiceDecoder.appex */ = {isa = PBXFileReference; explicitFileType = "wrapper.app-extension"; includeInIndex = 0; path = NotificationServiceDecoder.appex; sourceTree = BUILT_PRODUCTS_DIR; };
/* End PBXFileReference section */

/* Begin PBXFileSystemSynchronizedBuildFileExceptionSet section */
		320094222D0357A100D0E107 /* Exceptions for "NotificationServiceDecoder" folder in "NotificationServiceDecoder" target */ = {
			isa = PBXFileSystemSynchronizedBuildFileExceptionSet;
			membershipExceptions = (
				NotificationService.swift,
			);
			target = 321115452D034C1F00DB8FE3 /* NotificationServiceDecoder */;
		};
		320094402D0357A900D0E107 /* Exceptions for "UnbluDemoApp" folder in "UnbluDemoApp" target */ = {
			isa = PBXFileSystemSynchronizedBuildFileExceptionSet;
			membershipExceptions = (
				Info.plist,
			);
			target = 321114DE2D0345B800DB8FE3 /* UnbluDemoApp */;
		};
/* End PBXFileSystemSynchronizedBuildFileExceptionSet section */

/* Begin PBXFileSystemSynchronizedRootGroup section */
		320094202D0357A100D0E107 /* NotificationServiceDecoder */ = {
			isa = PBXFileSystemSynchronizedRootGroup;
			exceptions = (
				320094222D0357A100D0E107 /* Exceptions for "NotificationServiceDecoder" folder in "NotificationServiceDecoder" target */,
			);
			path = NotificationServiceDecoder;
			sourceTree = "<group>";
		};
		320094332D0357A900D0E107 /* UnbluDemoApp */ = {
			isa = PBXFileSystemSynchronizedRootGroup;
			exceptions = (
				320094402D0357A900D0E107 /* Exceptions for "UnbluDemoApp" folder in "UnbluDemoApp" target */,
			);
			path = UnbluDemoApp;
			sourceTree = "<group>";
		};
/* End PBXFileSystemSynchronizedRootGroup section */

/* Begin PBXFrameworksBuildPhase section */
		321114DC2D0345B800DB8FE3 /* Frameworks */ = {
			isa = PBXFrameworksBuildPhase;
			buildActionMask = 2147483647;
			files = (
				328E41A42D7DBDF800F77FD4 /* LiveKitWebRTC in Frameworks */,
				321115752D0351AE00DB8FE3 /* UnbluCallKitModule in Frameworks */,
				321115772D0351AE00DB8FE3 /* UnbluLiveKitWebRtcProvider in Frameworks */,
				321115792D0351AE00DB8FE3 /* UnbluMobileSDK in Frameworks */,
			);
			runOnlyForDeploymentPostprocessing = 0;
		};
		321115432D034C1F00DB8FE3 /* Frameworks */ = {
			isa = PBXFrameworksBuildPhase;
			buildActionMask = 2147483647;
			files = (
			);
			runOnlyForDeploymentPostprocessing = 0;
		};
/* End PBXFrameworksBuildPhase section */

/* Begin PBXGroup section */
		321114D62D0345B800DB8FE3 = {
			isa = PBXGroup;
			children = (
				320094332D0357A900D0E107 /* UnbluDemoApp */,
				320094202D0357A100D0E107 /* NotificationServiceDecoder */,
				321114E02D0345B800DB8FE3 /* Products */,
				A6B2C90E5E914410E3F12B43 /* Pods */,
			);
			sourceTree = "<group>";
		};
		321114E02D0345B800DB8FE3 /* Products */ = {
			isa = PBXGroup;
			children = (
				321114DF2D0345B800DB8FE3 /* UnbluDemoApp.app */,
				321115462D034C1F00DB8FE3 /* NotificationServiceDecoder.appex */,
			);
			name = Products;
			sourceTree = "<group>";
		};
		A6B2C90E5E914410E3F12B43 /* Pods */ = {
			isa = PBXGroup;
			children = (
			);
			path = Pods;
			sourceTree = "<group>";
		};
/* End PBXGroup section */

/* Begin PBXNativeTarget section */
		321114DE2D0345B800DB8FE3 /* UnbluDemoApp */ = {
			isa = PBXNativeTarget;
			buildConfigurationList = 321114ED2D0345B900DB8FE3 /* Build configuration list for PBXNativeTarget "UnbluDemoApp" */;
			buildPhases = (
				321114DB2D0345B800DB8FE3 /* Sources */,
				321114DC2D0345B800DB8FE3 /* Frameworks */,
				321114DD2D0345B800DB8FE3 /* Resources */,
				321115522D034C1F00DB8FE3 /* Embed Foundation Extensions */,
			);
			buildRules = (
			);
			dependencies = (
				3211154C2D034C1F00DB8FE3 /* PBXTargetDependency */,
			);
			fileSystemSynchronizedGroups = (
				320094332D0357A900D0E107 /* UnbluDemoApp */,
			);
			name = UnbluDemoApp;
			packageProductDependencies = (
				321115742D0351AE00DB8FE3 /* UnbluCallKitModule */,
				321115762D0351AE00DB8FE3 /* UnbluLiveKitWebRtcProvider */,
				321115782D0351AE00DB8FE3 /* UnbluMobileSDK */,
				328E41A32D7DBDF800F77FD4 /* LiveKitWebRTC */,
			);
			productName = UnbluDemoApp;
			productReference = 321114DF2D0345B800DB8FE3 /* UnbluDemoApp.app */;
			productType = "com.apple.product-type.application";
		};
		321115452D034C1F00DB8FE3 /* NotificationServiceDecoder */ = {
			isa = PBXNativeTarget;
			buildConfigurationList = 3211154E2D034C1F00DB8FE3 /* Build configuration list for PBXNativeTarget "NotificationServiceDecoder" */;
			buildPhases = (
				321115422D034C1F00DB8FE3 /* Sources */,
				321115432D034C1F00DB8FE3 /* Frameworks */,
				321115442D034C1F00DB8FE3 /* Resources */,
			);
			buildRules = (
			);
			dependencies = (
			);
			name = NotificationServiceDecoder;
			productName = NotificationServiceDecoder;
			productReference = 321115462D034C1F00DB8FE3 /* NotificationServiceDecoder.appex */;
			productType = "com.apple.product-type.app-extension";
		};
/* End PBXNativeTarget section */

/* Begin PBXProject section */
		321114D72D0345B800DB8FE3 /* Project object */ = {
			isa = PBXProject;
			attributes = {
				BuildIndependentTargetsInParallel = 1;
				LastSwiftUpdateCheck = 1610;
				LastUpgradeCheck = 1610;
				TargetAttributes = {
					321114DE2D0345B800DB8FE3 = {
						CreatedOnToolsVersion = 16.1;
					};
					321115452D034C1F00DB8FE3 = {
						CreatedOnToolsVersion = 16.1;
					};
				};
			};
			buildConfigurationList = 321114DA2D0345B800DB8FE3 /* Build configuration list for PBXProject "UnbluDemoApp" */;
			developmentRegion = en;
			hasScannedForEncodings = 0;
			knownRegions = (
				en,
				Base,
			);
			mainGroup = 321114D62D0345B800DB8FE3;
			minimizedProjectReferenceProxies = 1;
			packageReferences = (
				321115732D0351AE00DB8FE3 /* XCRemoteSwiftPackageReference "ios-sdk-xcframeworks" */,
				328E41A22D7DBDF800F77FD4 /* XCRemoteSwiftPackageReference "webrtc-xcframework" */,
			);
			preferredProjectObjectVersion = 77;
			productRefGroup = 321114E02D0345B800DB8FE3 /* Products */;
			projectDirPath = "";
			projectRoot = "";
			targets = (
				321114DE2D0345B800DB8FE3 /* UnbluDemoApp */,
				321115452D034C1F00DB8FE3 /* NotificationServiceDecoder */,
			);
		};
/* End PBXProject section */

/* Begin PBXResourcesBuildPhase section */
		321114DD2D0345B800DB8FE3 /* Resources */ = {
			isa = PBXResourcesBuildPhase;
			buildActionMask = 2147483647;
			files = (
			);
			runOnlyForDeploymentPostprocessing = 0;
		};
		321115442D034C1F00DB8FE3 /* Resources */ = {
			isa = PBXResourcesBuildPhase;
			buildActionMask = 2147483647;
			files = (
			);
			runOnlyForDeploymentPostprocessing = 0;
		};
/* End PBXResourcesBuildPhase section */

/* Begin PBXSourcesBuildPhase section */
		321114DB2D0345B800DB8FE3 /* Sources */ = {
			isa = PBXSourcesBuildPhase;
			buildActionMask = 2147483647;
			files = (
			);
			runOnlyForDeploymentPostprocessing = 0;
		};
		321115422D034C1F00DB8FE3 /* Sources */ = {
			isa = PBXSourcesBuildPhase;
			buildActionMask = 2147483647;
			files = (
			);
			runOnlyForDeploymentPostprocessing = 0;
		};
/* End PBXSourcesBuildPhase section */

/* Begin PBXTargetDependency section */
		3211154C2D034C1F00DB8FE3 /* PBXTargetDependency */ = {
			isa = PBXTargetDependency;
			target = 321115452D034C1F00DB8FE3 /* NotificationServiceDecoder */;
			targetProxy = 3211154B2D034C1F00DB8FE3 /* PBXContainerItemProxy */;
		};
/* End PBXTargetDependency section */

/* Begin XCBuildConfiguration section */
		321114EB2D0345B900DB8FE3 /* Debug */ = {
			isa = XCBuildConfiguration;
			buildSettings = {
				ALWAYS_SEARCH_USER_PATHS = NO;
				ASSETCATALOG_COMPILER_GENERATE_SWIFT_ASSET_SYMBOL_EXTENSIONS = YES;
				CLANG_ANALYZER_NONNULL = YES;
				CLANG_ANALYZER_NUMBER_OBJECT_CONVERSION = YES_AGGRESSIVE;
				CLANG_CXX_LANGUAGE_STANDARD = "gnu++20";
				CLANG_ENABLE_MODULES = YES;
				CLANG_ENABLE_OBJC_ARC = YES;
				CLANG_ENABLE_OBJC_WEAK = YES;
				CLANG_WARN_BLOCK_CAPTURE_AUTORELEASING = YES;
				CLANG_WARN_BOOL_CONVERSION = YES;
				CLANG_WARN_COMMA = YES;
				CLANG_WARN_CONSTANT_CONVERSION = YES;
				CLANG_WARN_DEPRECATED_OBJC_IMPLEMENTATIONS = YES;
				CLANG_WARN_DIRECT_OBJC_ISA_USAGE = YES_ERROR;
				CLANG_WARN_DOCUMENTATION_COMMENTS = YES;
				CLANG_WARN_EMPTY_BODY = YES;
				CLANG_WARN_ENUM_CONVERSION = YES;
				CLANG_WARN_INFINITE_RECURSION = YES;
				CLANG_WARN_INT_CONVERSION = YES;
				CLANG_WARN_NON_LITERAL_NULL_CONVERSION = YES;
				CLANG_WARN_OBJC_IMPLICIT_RETAIN_SELF = YES;
				CLANG_WARN_OBJC_LITERAL_CONVERSION = YES;
				CLANG_WARN_OBJC_ROOT_CLASS = YES_ERROR;
				CLANG_WARN_QUOTED_INCLUDE_IN_FRAMEWORK_HEADER = YES;
				CLANG_WARN_RANGE_LOOP_ANALYSIS = YES;
				CLANG_WARN_STRICT_PROTOTYPES = YES;
				CLANG_WARN_SUSPICIOUS_MOVE = YES;
				CLANG_WARN_UNGUARDED_AVAILABILITY = YES_AGGRESSIVE;
				CLANG_WARN_UNREACHABLE_CODE = YES;
				CLANG_WARN__DUPLICATE_METHOD_MATCH = YES;
				COPY_PHASE_STRIP = NO;
				DEBUG_INFORMATION_FORMAT = dwarf;
				ENABLE_STRICT_OBJC_MSGSEND = YES;
				ENABLE_TESTABILITY = YES;
				ENABLE_USER_SCRIPT_SANDBOXING = YES;
				GCC_C_LANGUAGE_STANDARD = gnu17;
				GCC_DYNAMIC_NO_PIC = NO;
				GCC_NO_COMMON_BLOCKS = YES;
				GCC_OPTIMIZATION_LEVEL = 0;
				GCC_PREPROCESSOR_DEFINITIONS = (
					"DEBUG=1",
					"$(inherited)",
				);
				GCC_WARN_64_TO_32_BIT_CONVERSION = YES;
				GCC_WARN_ABOUT_RETURN_TYPE = YES_ERROR;
				GCC_WARN_UNDECLARED_SELECTOR = YES;
				GCC_WARN_UNINITIALIZED_AUTOS = YES_AGGRESSIVE;
				GCC_WARN_UNUSED_FUNCTION = YES;
				GCC_WARN_UNUSED_VARIABLE = YES;
				IPHONEOS_DEPLOYMENT_TARGET = 18.1;
				LOCALIZATION_PREFERS_STRING_CATALOGS = YES;
				MTL_ENABLE_DEBUG_INFO = INCLUDE_SOURCE;
				MTL_FAST_MATH = YES;
				ONLY_ACTIVE_ARCH = YES;
				SDKROOT = iphoneos;
				SWIFT_ACTIVE_COMPILATION_CONDITIONS = "DEBUG $(inherited)";
				SWIFT_OPTIMIZATION_LEVEL = "-Onone";
			};
			name = Debug;
		};
		321114EC2D0345B900DB8FE3 /* Release */ = {
			isa = XCBuildConfiguration;
			buildSettings = {
				ALWAYS_SEARCH_USER_PATHS = NO;
				ASSETCATALOG_COMPILER_GENERATE_SWIFT_ASSET_SYMBOL_EXTENSIONS = YES;
				CLANG_ANALYZER_NONNULL = YES;
				CLANG_ANALYZER_NUMBER_OBJECT_CONVERSION = YES_AGGRESSIVE;
				CLANG_CXX_LANGUAGE_STANDARD = "gnu++20";
				CLANG_ENABLE_MODULES = YES;
				CLANG_ENABLE_OBJC_ARC = YES;
				CLANG_ENABLE_OBJC_WEAK = YES;
				CLANG_WARN_BLOCK_CAPTURE_AUTORELEASING = YES;
				CLANG_WARN_BOOL_CONVERSION = YES;
				CLANG_WARN_COMMA = YES;
				CLANG_WARN_CONSTANT_CONVERSION = YES;
				CLANG_WARN_DEPRECATED_OBJC_IMPLEMENTATIONS = YES;
				CLANG_WARN_DIRECT_OBJC_ISA_USAGE = YES_ERROR;
				CLANG_WARN_DOCUMENTATION_COMMENTS = YES;
				CLANG_WARN_EMPTY_BODY = YES;
				CLANG_WARN_ENUM_CONVERSION = YES;
				CLANG_WARN_INFINITE_RECURSION = YES;
				CLANG_WARN_INT_CONVERSION = YES;
				CLANG_WARN_NON_LITERAL_NULL_CONVERSION = YES;
				CLANG_WARN_OBJC_IMPLICIT_RETAIN_SELF = YES;
				CLANG_WARN_OBJC_LITERAL_CONVERSION = YES;
				CLANG_WARN_OBJC_ROOT_CLASS = YES_ERROR;
				CLANG_WARN_QUOTED_INCLUDE_IN_FRAMEWORK_HEADER = YES;
				CLANG_WARN_RANGE_LOOP_ANALYSIS = YES;
				CLANG_WARN_STRICT_PROTOTYPES = YES;
				CLANG_WARN_SUSPICIOUS_MOVE = YES;
				CLANG_WARN_UNGUARDED_AVAILABILITY = YES_AGGRESSIVE;
				CLANG_WARN_UNREACHABLE_CODE = YES;
				CLANG_WARN__DUPLICATE_METHOD_MATCH = YES;
				COPY_PHASE_STRIP = NO;
				DEBUG_INFORMATION_FORMAT = "dwarf-with-dsym";
				ENABLE_NS_ASSERTIONS = NO;
				ENABLE_STRICT_OBJC_MSGSEND = YES;
				ENABLE_USER_SCRIPT_SANDBOXING = YES;
				GCC_C_LANGUAGE_STANDARD = gnu17;
				GCC_NO_COMMON_BLOCKS = YES;
				GCC_WARN_64_TO_32_BIT_CONVERSION = YES;
				GCC_WARN_ABOUT_RETURN_TYPE = YES_ERROR;
				GCC_WARN_UNDECLARED_SELECTOR = YES;
				GCC_WARN_UNINITIALIZED_AUTOS = YES_AGGRESSIVE;
				GCC_WARN_UNUSED_FUNCTION = YES;
				GCC_WARN_UNUSED_VARIABLE = YES;
				IPHONEOS_DEPLOYMENT_TARGET = 18.1;
				LOCALIZATION_PREFERS_STRING_CATALOGS = YES;
				MTL_ENABLE_DEBUG_INFO = NO;
				MTL_FAST_MATH = YES;
				SDKROOT = iphoneos;
				SWIFT_COMPILATION_MODE = wholemodule;
				VALIDATE_PRODUCT = YES;
			};
			name = Release;
		};
		321114EE2D0345B900DB8FE3 /* Debug */ = {
			isa = XCBuildConfiguration;
			buildSettings = {
				ASSETCATALOG_COMPILER_APPICON_NAME = AppIcon;
				ASSETCATALOG_COMPILER_GLOBAL_ACCENT_COLOR_NAME = AccentColor;
				CODE_SIGN_ENTITLEMENTS = UnbluDemoApp/UnbluDemoApp.entitlements;
				CODE_SIGN_STYLE = Automatic;
				CURRENT_PROJECT_VERSION = 1;
				DEVELOPMENT_ASSET_PATHS = "\"UnbluDemoApp/Preview Content\"";
				DEVELOPMENT_TEAM = A8Q2RF48P3;
				ENABLE_PREVIEWS = YES;
				ENABLE_USER_SCRIPT_SANDBOXING = NO;
				GENERATE_INFOPLIST_FILE = YES;
				INFOPLIST_FILE = UnbluDemoApp/Info.plist;
				INFOPLIST_KEY_UIApplicationSceneManifest_Generation = YES;
				INFOPLIST_KEY_UIApplicationSupportsIndirectInputEvents = YES;
				INFOPLIST_KEY_UILaunchScreen_Generation = YES;
				INFOPLIST_KEY_UISupportedInterfaceOrientations_iPad = "UIInterfaceOrientationPortrait UIInterfaceOrientationPortraitUpsideDown UIInterfaceOrientationLandscapeLeft UIInterfaceOrientationLandscapeRight";
				INFOPLIST_KEY_UISupportedInterfaceOrientations_iPhone = "UIInterfaceOrientationPortrait UIInterfaceOrientationLandscapeLeft UIInterfaceOrientationLandscapeRight";
				LD_RUNPATH_SEARCH_PATHS = (
					"$(inherited)",
					"@executable_path/Frameworks",
				);
				MARKETING_VERSION = 1.0;
				PRODUCT_BUNDLE_IDENTIFIER = com.unblu.prototype.UnbluDemoApp;
				PRODUCT_NAME = "$(TARGET_NAME)";
				SUPPORTED_PLATFORMS = "iphoneos iphonesimulator";
				SUPPORTS_MACCATALYST = NO;
				SUPPORTS_MAC_DESIGNED_FOR_IPHONE_IPAD = NO;
				SUPPORTS_XR_DESIGNED_FOR_IPHONE_IPAD = NO;
				SWIFT_EMIT_LOC_STRINGS = YES;
				SWIFT_VERSION = 5.0;
				TARGETED_DEVICE_FAMILY = "1,2";
			};
			name = Debug;
		};
		321114EF2D0345B900DB8FE3 /* Release */ = {
			isa = XCBuildConfiguration;
			buildSettings = {
				ASSETCATALOG_COMPILER_APPICON_NAME = AppIcon;
				ASSETCATALOG_COMPILER_GLOBAL_ACCENT_COLOR_NAME = AccentColor;
				CODE_SIGN_ENTITLEMENTS = UnbluDemoApp/UnbluDemoApp.entitlements;
				CODE_SIGN_STYLE = Automatic;
				CURRENT_PROJECT_VERSION = 1;
				DEVELOPMENT_ASSET_PATHS = "\"UnbluDemoApp/Preview Content\"";
				DEVELOPMENT_TEAM = A8Q2RF48P3;
				ENABLE_PREVIEWS = YES;
				ENABLE_USER_SCRIPT_SANDBOXING = NO;
				GENERATE_INFOPLIST_FILE = YES;
				INFOPLIST_FILE = UnbluDemoApp/Info.plist;
				INFOPLIST_KEY_UIApplicationSceneManifest_Generation = YES;
				INFOPLIST_KEY_UIApplicationSupportsIndirectInputEvents = YES;
				INFOPLIST_KEY_UILaunchScreen_Generation = YES;
				INFOPLIST_KEY_UISupportedInterfaceOrientations_iPad = "UIInterfaceOrientationPortrait UIInterfaceOrientationPortraitUpsideDown UIInterfaceOrientationLandscapeLeft UIInterfaceOrientationLandscapeRight";
				INFOPLIST_KEY_UISupportedInterfaceOrientations_iPhone = "UIInterfaceOrientationPortrait UIInterfaceOrientationLandscapeLeft UIInterfaceOrientationLandscapeRight";
				LD_RUNPATH_SEARCH_PATHS = (
					"$(inherited)",
					"@executable_path/Frameworks",
				);
				MARKETING_VERSION = 1.0;
				PRODUCT_BUNDLE_IDENTIFIER = com.unblu.prototype.UnbluDemoApp;
				PRODUCT_NAME = "$(TARGET_NAME)";
				SUPPORTED_PLATFORMS = "iphoneos iphonesimulator";
				SUPPORTS_MACCATALYST = NO;
				SUPPORTS_MAC_DESIGNED_FOR_IPHONE_IPAD = NO;
				SUPPORTS_XR_DESIGNED_FOR_IPHONE_IPAD = NO;
				SWIFT_EMIT_LOC_STRINGS = YES;
				SWIFT_VERSION = 5.0;
				TARGETED_DEVICE_FAMILY = "1,2";
			};
			name = Release;
		};
		3211154F2D034C1F00DB8FE3 /* Debug */ = {
			isa = XCBuildConfiguration;
			buildSettings = {
				CODE_SIGN_ENTITLEMENTS = NotificationServiceDecoder/NotificationServiceDecoder.entitlements;
				CODE_SIGN_STYLE = Automatic;
				CURRENT_PROJECT_VERSION = 1;
				DEVELOPMENT_TEAM = A8Q2RF48P3;
				GENERATE_INFOPLIST_FILE = YES;
				INFOPLIST_FILE = NotificationServiceDecoder/Info.plist;
				INFOPLIST_KEY_CFBundleDisplayName = NotificationServiceDecoder;
				INFOPLIST_KEY_NSHumanReadableCopyright = "";
				LD_RUNPATH_SEARCH_PATHS = (
					"$(inherited)",
					"@executable_path/Frameworks",
					"@executable_path/../../Frameworks",
				);
				MARKETING_VERSION = 1.0;
				PRODUCT_BUNDLE_IDENTIFIER = com.unblu.prototype.UnbluDemoApp.NotificationServiceDecoder;
				PRODUCT_NAME = "$(TARGET_NAME)";
				SKIP_INSTALL = YES;
				SWIFT_EMIT_LOC_STRINGS = YES;
				SWIFT_VERSION = 5.0;
				TARGETED_DEVICE_FAMILY = "1,2";
			};
			name = Debug;
		};
		321115502D034C1F00DB8FE3 /* Release */ = {
			isa = XCBuildConfiguration;
			buildSettings = {
				CODE_SIGN_ENTITLEMENTS = NotificationServiceDecoder/NotificationServiceDecoder.entitlements;
				CODE_SIGN_STYLE = Automatic;
				CURRENT_PROJECT_VERSION = 1;
				DEVELOPMENT_TEAM = A8Q2RF48P3;
				GENERATE_INFOPLIST_FILE = YES;
				INFOPLIST_FILE = NotificationServiceDecoder/Info.plist;
				INFOPLIST_KEY_CFBundleDisplayName = NotificationServiceDecoder;
				INFOPLIST_KEY_NSHumanReadableCopyright = "";
				LD_RUNPATH_SEARCH_PATHS = (
					"$(inherited)",
					"@executable_path/Frameworks",
					"@executable_path/../../Frameworks",
				);
				MARKETING_VERSION = 1.0;
				PRODUCT_BUNDLE_IDENTIFIER = com.unblu.prototype.UnbluDemoApp.NotificationServiceDecoder;
				PRODUCT_NAME = "$(TARGET_NAME)";
				SKIP_INSTALL = YES;
				SWIFT_EMIT_LOC_STRINGS = YES;
				SWIFT_VERSION = 5.0;
				TARGETED_DEVICE_FAMILY = "1,2";
			};
			name = Release;
		};
/* End XCBuildConfiguration section */

/* Begin XCConfigurationList section */
		321114DA2D0345B800DB8FE3 /* Build configuration list for PBXProject "UnbluDemoApp" */ = {
			isa = XCConfigurationList;
			buildConfigurations = (
				321114EB2D0345B900DB8FE3 /* Debug */,
				321114EC2D0345B900DB8FE3 /* Release */,
			);
			defaultConfigurationIsVisible = 0;
			defaultConfigurationName = Release;
		};
		321114ED2D0345B900DB8FE3 /* Build configuration list for PBXNativeTarget "UnbluDemoApp" */ = {
			isa = XCConfigurationList;
			buildConfigurations = (
				321114EE2D0345B900DB8FE3 /* Debug */,
				321114EF2D0345B900DB8FE3 /* Release */,
			);
			defaultConfigurationIsVisible = 0;
			defaultConfigurationName = Release;
		};
		3211154E2D034C1F00DB8FE3 /* Build configuration list for PBXNativeTarget "NotificationServiceDecoder" */ = {
			isa = XCConfigurationList;
			buildConfigurations = (
				3211154F2D034C1F00DB8FE3 /* Debug */,
				321115502D034C1F00DB8FE3 /* Release */,
			);
			defaultConfigurationIsVisible = 0;
			defaultConfigurationName = Release;
		};
/* End XCConfigurationList section */

/* Begin XCRemoteSwiftPackageReference section */
		321115732D0351AE00DB8FE3 /* XCRemoteSwiftPackageReference "ios-sdk-xcframeworks" */ = {
			isa = XCRemoteSwiftPackageReference;
			repositoryURL = "https://github.com/unblu/ios-sdk-xcframeworks";
			requirement = {
				kind = upToNextMajorVersion;
				minimumVersion = 4.9.10;
			};
		};
		328E41A22D7DBDF800F77FD4 /* XCRemoteSwiftPackageReference "webrtc-xcframework" */ = {
			isa = XCRemoteSwiftPackageReference;
			repositoryURL = "https://github.com/livekit/webrtc-xcframework";
			requirement = {
				kind = upToNextMajorVersion;
				minimumVersion = 125.6422.22;
			};
		};
/* End XCRemoteSwiftPackageReference section */

/* Begin XCSwiftPackageProductDependency section */
		321115742D0351AE00DB8FE3 /* UnbluCallKitModule */ = {
			isa = XCSwiftPackageProductDependency;
			package = 321115732D0351AE00DB8FE3 /* XCRemoteSwiftPackageReference "ios-sdk-xcframeworks" */;
			productName = UnbluCallKitModule;
		};
		321115762D0351AE00DB8FE3 /* UnbluLiveKitWebRtcProvider */ = {
			isa = XCSwiftPackageProductDependency;
			package = 321115732D0351AE00DB8FE3 /* XCRemoteSwiftPackageReference "ios-sdk-xcframeworks" */;
			productName = UnbluLiveKitWebRtcProvider;
		};
		321115782D0351AE00DB8FE3 /* UnbluMobileSDK */ = {
			isa = XCSwiftPackageProductDependency;
			package = 321115732D0351AE00DB8FE3 /* XCRemoteSwiftPackageReference "ios-sdk-xcframeworks" */;
			productName = UnbluMobileSDK;
		};
		328E41A32D7DBDF800F77FD4 /* LiveKitWebRTC */ = {
			isa = XCSwiftPackageProductDependency;
			package = 328E41A22D7DBDF800F77FD4 /* XCRemoteSwiftPackageReference "webrtc-xcframework" */;
			productName = LiveKitWebRTC;
		};
/* End XCSwiftPackageProductDependency section */
	};
	rootObject = 321114D72D0345B800DB8FE3 /* Project object */;
}
